
Microsoft Visual Studio Solution File, Format Version 12.00
# Visual Studio Version 17
VisualStudioVersion = 17.5.2.0
MinimumVisualStudioVersion = 10.0.40219.1
Project("{2150E333-8FDC-42A3-9474-1A3956D46DE8}") = "src", "src", "{827E0CD3-B72D-47B6-A68D-7590B98EB39B}"
EndProject
Project("{2150E333-8FDC-42A3-9474-1A3956D46DE8}") = "Shared", "Shared", "{C8E42992-5E42-0C2B-DBFE-AA848D06431C}"
EndProject
Project("{9A19103F-16F7-4668-BE54-9A1E7A4F7556}") = "AdInsightsPlatform.Common", "src\Shared\AdInsightsPlatform.Common\AdInsightsPlatform.Common.csproj", "{FBE42A7E-71AE-1DFF-BCD5-510DAFE39ABE}"
EndProject
Project("{9A19103F-16F7-4668-BE54-9A1E7A4F7556}") = "AdInsightsPlatform.Contracts", "src\Shared\AdInsightsPlatform.Contracts\AdInsightsPlatform.Contracts.csproj", "{EF114CBD-F7F4-5A5D-0887-9909AC04EBF4}"
EndProject
Project("{2150E333-8FDC-42A3-9474-1A3956D46DE8}") = "Services", "Services", "{984BB9B3-3FA3-BE33-9484-CAC21695A33C}"
EndProject
Project("{2150E333-8FDC-42A3-9474-1A3956D46DE8}") = "AdInsights", "AdInsights", "{B7AB7385-6127-917E-1852-E6AD6587E381}"
EndProject
Project("{9A19103F-16F7-4668-BE54-9A1E7A4F7556}") = "AdInsights.Domain", "src\Services\AdInsights\AdInsights.Domain\AdInsights.Domain.csproj", "{2F09BCE5-9F05-4094-A723-DC7AF602A9F3}"
EndProject
Project("{9A19103F-16F7-4668-BE54-9A1E7A4F7556}") = "AdInsights.Application", "src\Services\AdInsights\AdInsights.Application\AdInsights.Application.csproj", "{8706046B-EAC0-476B-BB5E-4DAEA3F177E5}"
EndProject
Project("{9A19103F-16F7-4668-BE54-9A1E7A4F7556}") = "AdInsights.Infrastructure", "src\Services\AdInsights\AdInsights.Infrastructure\AdInsights.Infrastructure.csproj", "{FD94CC56-F26D-4D2F-ABE5-BA8D6004F7BC}"
EndProject
Project("{9A19103F-16F7-4668-BE54-9A1E7A4F7556}") = "AdInsights.Api", "src\Services\AdInsights\AdInsights.Api\AdInsights.Api.csproj", "{05185E85-DFC4-4AAB-9C31-576B668B6107}"
EndProject
Project("{9A19103F-16F7-4668-BE54-9A1E7A4F7556}") = "EventCollector.Domain", "src\Services\EventCollector\EventCollector.Domain\EventCollector.Domain.csproj", "{C8F12221-556F-4AED-AB60-CD6460F31186}"
EndProject
Project("{9A19103F-16F7-4668-BE54-9A1E7A4F7556}") = "EventCollector.Application", "src\Services\EventCollector\EventCollector.Application\EventCollector.Application.csproj", "{0780B55F-2E89-4EFB-AD2F-1A4E7112644E}"
EndProject
Project("{9A19103F-16F7-4668-BE54-9A1E7A4F7556}") = "EventCollector.Infrastructure", "src\Services\EventCollector\EventCollector.Infrastructure\EventCollector.Infrastructure.csproj", "{EB216E53-CC5F-40DD-B873-6B061FB6249C}"
EndProject
Project("{9A19103F-16F7-4668-BE54-9A1E7A4F7556}") = "EventCollector.Api", "src\Services\EventCollector\EventCollector.Api\EventCollector.Api.csproj", "{283F5241-A087-484E-A92C-288427D7DCC6}"
EndProject
Project("{9A19103F-16F7-4668-BE54-9A1E7A4F7556}") = "AdInsights.UnitTests", "tests\AdInsights.UnitTests\AdInsights.UnitTests.csproj", "{D39968AB-87A3-4FFB-BF7E-60B68F4D3BE4}"
EndProject
Project("{2150E333-8FDC-42A3-9474-1A3956D46DE8}") = "EventCollector", "EventCollector", "{43B4CCE2-05F5-4039-B624-74F6D5E2CDC0}"
EndProject
Global
	GlobalSection(SolutionConfigurationPlatforms) = preSolution
		Debug|Any CPU = Debug|Any CPU
		Debug|x64 = Debug|x64
		Debug|x86 = Debug|x86
		Release|Any CPU = Release|Any CPU
		Release|x64 = Release|x64
		Release|x86 = Release|x86
	EndGlobalSection
	GlobalSection(ProjectConfigurationPlatforms) = postSolution
		{FBE42A7E-71AE-1DFF-BCD5-510DAFE39ABE}.Debug|Any CPU.ActiveCfg = Debug|Any CPU
		{FBE42A7E-71AE-1DFF-BCD5-510DAFE39ABE}.Debug|Any CPU.Build.0 = Debug|Any CPU
		{FBE42A7E-71AE-1DFF-BCD5-510DAFE39ABE}.Debug|x64.ActiveCfg = Debug|Any CPU
		{FBE42A7E-71AE-1DFF-BCD5-510DAFE39ABE}.Debug|x64.Build.0 = Debug|Any CPU
		{FBE42A7E-71AE-1DFF-BCD5-510DAFE39ABE}.Debug|x86.ActiveCfg = Debug|Any CPU
		{FBE42A7E-71AE-1DFF-BCD5-510DAFE39ABE}.Debug|x86.Build.0 = Debug|Any CPU
		{FBE42A7E-71AE-1DFF-BCD5-510DAFE39ABE}.Release|Any CPU.ActiveCfg = Release|Any CPU
		{FBE42A7E-71AE-1DFF-BCD5-510DAFE39ABE}.Release|Any CPU.Build.0 = Release|Any CPU
		{FBE42A7E-71AE-1DFF-BCD5-510DAFE39ABE}.Release|x64.ActiveCfg = Release|Any CPU
		{FBE42A7E-71AE-1DFF-BCD5-510DAFE39ABE}.Release|x64.Build.0 = Release|Any CPU
		{FBE42A7E-71AE-1DFF-BCD5-510DAFE39ABE}.Release|x86.ActiveCfg = Release|Any CPU
		{FBE42A7E-71AE-1DFF-BCD5-510DAFE39ABE}.Release|x86.Build.0 = Release|Any CPU
		{EF114CBD-F7F4-5A5D-0887-9909AC04EBF4}.Debug|Any CPU.ActiveCfg = Debug|Any CPU
		{EF114CBD-F7F4-5A5D-0887-9909AC04EBF4}.Debug|Any CPU.Build.0 = Debug|Any CPU
		{EF114CBD-F7F4-5A5D-0887-9909AC04EBF4}.Debug|x64.ActiveCfg = Debug|Any CPU
		{EF114CBD-F7F4-5A5D-0887-9909AC04EBF4}.Debug|x64.Build.0 = Debug|Any CPU
		{EF114CBD-F7F4-5A5D-0887-9909AC04EBF4}.Debug|x86.ActiveCfg = Debug|Any CPU
		{EF114CBD-F7F4-5A5D-0887-9909AC04EBF4}.Debug|x86.Build.0 = Debug|Any CPU
		{EF114CBD-F7F4-5A5D-0887-9909AC04EBF4}.Release|Any CPU.ActiveCfg = Release|Any CPU
		{EF114CBD-F7F4-5A5D-0887-9909AC04EBF4}.Release|Any CPU.Build.0 = Release|Any CPU
		{EF114CBD-F7F4-5A5D-0887-9909AC04EBF4}.Release|x64.ActiveCfg = Release|Any CPU
		{EF114CBD-F7F4-5A5D-0887-9909AC04EBF4}.Release|x64.Build.0 = Release|Any CPU
		{EF114CBD-F7F4-5A5D-0887-9909AC04EBF4}.Release|x86.ActiveCfg = Release|Any CPU
		{EF114CBD-F7F4-5A5D-0887-9909AC04EBF4}.Release|x86.Build.0 = Release|Any CPU
		{2F09BCE5-9F05-4094-A723-DC7AF602A9F3}.Debug|Any CPU.ActiveCfg = Debug|Any CPU
		{2F09BCE5-9F05-4094-A723-DC7AF602A9F3}.Debug|Any CPU.Build.0 = Debug|Any CPU
		{2F09BCE5-9F05-4094-A723-DC7AF602A9F3}.Debug|x64.ActiveCfg = Debug|Any CPU
		{2F09BCE5-9F05-4094-A723-DC7AF602A9F3}.Debug|x64.Build.0 = Debug|Any CPU
		{2F09BCE5-9F05-4094-A723-DC7AF602A9F3}.Debug|x86.ActiveCfg = Debug|Any CPU
		{2F09BCE5-9F05-4094-A723-DC7AF602A9F3}.Debug|x86.Build.0 = Debug|Any CPU
		{2F09BCE5-9F05-4094-A723-DC7AF602A9F3}.Release|Any CPU.ActiveCfg = Release|Any CPU
		{2F09BCE5-9F05-4094-A723-DC7AF602A9F3}.Release|Any CPU.Build.0 = Release|Any CPU
		{2F09BCE5-9F05-4094-A723-DC7AF602A9F3}.Release|x64.ActiveCfg = Release|Any CPU
		{2F09BCE5-9F05-4094-A723-DC7AF602A9F3}.Release|x64.Build.0 = Release|Any CPU
		{2F09BCE5-9F05-4094-A723-DC7AF602A9F3}.Release|x86.ActiveCfg = Release|Any CPU
		{2F09BCE5-9F05-4094-A723-DC7AF602A9F3}.Release|x86.Build.0 = Release|Any CPU
		{8706046B-EAC0-476B-BB5E-4DAEA3F177E5}.Debug|Any CPU.ActiveCfg = Debug|Any CPU
		{8706046B-EAC0-476B-BB5E-4DAEA3F177E5}.Debug|Any CPU.Build.0 = Debug|Any CPU
		{8706046B-EAC0-476B-BB5E-4DAEA3F177E5}.Debug|x64.ActiveCfg = Debug|Any CPU
		{8706046B-EAC0-476B-BB5E-4DAEA3F177E5}.Debug|x64.Build.0 = Debug|Any CPU
		{8706046B-EAC0-476B-BB5E-4DAEA3F177E5}.Debug|x86.ActiveCfg = Debug|Any CPU
		{8706046B-EAC0-476B-BB5E-4DAEA3F177E5}.Debug|x86.Build.0 = Debug|Any CPU
		{8706046B-EAC0-476B-BB5E-4DAEA3F177E5}.Release|Any CPU.ActiveCfg = Release|Any CPU
		{8706046B-EAC0-476B-BB5E-4DAEA3F177E5}.Release|Any CPU.Build.0 = Release|Any CPU
		{8706046B-EAC0-476B-BB5E-4DAEA3F177E5}.Release|x64.ActiveCfg = Release|Any CPU
		{8706046B-EAC0-476B-BB5E-4DAEA3F177E5}.Release|x64.Build.0 = Release|Any CPU
		{8706046B-EAC0-476B-BB5E-4DAEA3F177E5}.Release|x86.ActiveCfg = Release|Any CPU
		{8706046B-EAC0-476B-BB5E-4DAEA3F177E5}.Release|x86.Build.0 = Release|Any CPU
		{FD94CC56-F26D-4D2F-ABE5-BA8D6004F7BC}.Debug|Any CPU.ActiveCfg = Debug|Any CPU
		{FD94CC56-F26D-4D2F-ABE5-BA8D6004F7BC}.Debug|Any CPU.Build.0 = Debug|Any CPU
		{FD94CC56-F26D-4D2F-ABE5-BA8D6004F7BC}.Debug|x64.ActiveCfg = Debug|Any CPU
		{FD94CC56-F26D-4D2F-ABE5-BA8D6004F7BC}.Debug|x64.Build.0 = Debug|Any CPU
		{FD94CC56-F26D-4D2F-ABE5-BA8D6004F7BC}.Debug|x86.ActiveCfg = Debug|Any CPU
		{FD94CC56-F26D-4D2F-ABE5-BA8D6004F7BC}.Debug|x86.Build.0 = Debug|Any CPU
		{FD94CC56-F26D-4D2F-ABE5-BA8D6004F7BC}.Release|Any CPU.ActiveCfg = Release|Any CPU
		{FD94CC56-F26D-4D2F-ABE5-BA8D6004F7BC}.Release|Any CPU.Build.0 = Release|Any CPU
		{FD94CC56-F26D-4D2F-ABE5-BA8D6004F7BC}.Release|x64.ActiveCfg = Release|Any CPU
		{FD94CC56-F26D-4D2F-ABE5-BA8D6004F7BC}.Release|x64.Build.0 = Release|Any CPU
		{FD94CC56-F26D-4D2F-ABE5-BA8D6004F7BC}.Release|x86.ActiveCfg = Release|Any CPU
		{FD94CC56-F26D-4D2F-ABE5-BA8D6004F7BC}.Release|x86.Build.0 = Release|Any CPU
		{05185E85-DFC4-4AAB-9C31-576B668B6107}.Debug|Any CPU.ActiveCfg = Debug|Any CPU
		{05185E85-DFC4-4AAB-9C31-576B668B6107}.Debug|Any CPU.Build.0 = Debug|Any CPU
		{05185E85-DFC4-4AAB-9C31-576B668B6107}.Debug|x64.ActiveCfg = Debug|Any CPU
		{05185E85-DFC4-4AAB-9C31-576B668B6107}.Debug|x64.Build.0 = Debug|Any CPU
		{05185E85-DFC4-4AAB-9C31-576B668B6107}.Debug|x86.ActiveCfg = Debug|Any CPU
		{05185E85-DFC4-4AAB-9C31-576B668B6107}.Debug|x86.Build.0 = Debug|Any CPU
		{05185E85-DFC4-4AAB-9C31-576B668B6107}.Release|Any CPU.ActiveCfg = Release|Any CPU
		{05185E85-DFC4-4AAB-9C31-576B668B6107}.Release|Any CPU.Build.0 = Release|Any CPU
		{05185E85-DFC4-4AAB-9C31-576B668B6107}.Release|x64.ActiveCfg = Release|Any CPU
		{05185E85-DFC4-4AAB-9C31-576B668B6107}.Release|x64.Build.0 = Release|Any CPU
		{05185E85-DFC4-4AAB-9C31-576B668B6107}.Release|x86.ActiveCfg = Release|Any CPU
		{05185E85-DFC4-4AAB-9C31-576B668B6107}.Release|x86.Build.0 = Release|Any CPU
		{C8F12221-556F-4AED-AB60-CD6460F31186}.Debug|Any CPU.ActiveCfg = Debug|Any CPU
		{C8F12221-556F-4AED-AB60-CD6460F31186}.Debug|Any CPU.Build.0 = Debug|Any CPU
		{C8F12221-556F-4AED-AB60-CD6460F31186}.Debug|x64.ActiveCfg = Debug|Any CPU
		{C8F12221-556F-4AED-AB60-CD6460F31186}.Debug|x64.Build.0 = Debug|Any CPU
		{C8F12221-556F-4AED-AB60-CD6460F31186}.Debug|x86.ActiveCfg = Debug|Any CPU
		{C8F12221-556F-4AED-AB60-CD6460F31186}.Debug|x86.Build.0 = Debug|Any CPU
		{C8F12221-556F-4AED-AB60-CD6460F31186}.Release|Any CPU.ActiveCfg = Release|Any CPU
		{C8F12221-556F-4AED-AB60-CD6460F31186}.Release|Any CPU.Build.0 = Release|Any CPU
		{C8F12221-556F-4AED-AB60-CD6460F31186}.Release|x64.ActiveCfg = Release|Any CPU
		{C8F12221-556F-4AED-AB60-CD6460F31186}.Release|x64.Build.0 = Release|Any CPU
		{C8F12221-556F-4AED-AB60-CD6460F31186}.Release|x86.ActiveCfg = Release|Any CPU
		{C8F12221-556F-4AED-AB60-CD6460F31186}.Release|x86.Build.0 = Release|Any CPU
		{0780B55F-2E89-4EFB-AD2F-1A4E7112644E}.Debug|Any CPU.ActiveCfg = Debug|Any CPU
		{0780B55F-2E89-4EFB-AD2F-1A4E7112644E}.Debug|Any CPU.Build.0 = Debug|Any CPU
		{0780B55F-2E89-4EFB-AD2F-1A4E7112644E}.Debug|x64.ActiveCfg = Debug|Any CPU
		{0780B55F-2E89-4EFB-AD2F-1A4E7112644E}.Debug|x64.Build.0 = Debug|Any CPU
		{0780B55F-2E89-4EFB-AD2F-1A4E7112644E}.Debug|x86.ActiveCfg = Debug|Any CPU
		{0780B55F-2E89-4EFB-AD2F-1A4E7112644E}.Debug|x86.Build.0 = Debug|Any CPU
		{0780B55F-2E89-4EFB-AD2F-1A4E7112644E}.Release|Any CPU.ActiveCfg = Release|Any CPU
		{0780B55F-2E89-4EFB-AD2F-1A4E7112644E}.Release|Any CPU.Build.0 = Release|Any CPU
		{0780B55F-2E89-4EFB-AD2F-1A4E7112644E}.Release|x64.ActiveCfg = Release|Any CPU
		{0780B55F-2E89-4EFB-AD2F-1A4E7112644E}.Release|x64.Build.0 = Release|Any CPU
		{0780B55F-2E89-4EFB-AD2F-1A4E7112644E}.Release|x86.ActiveCfg = Release|Any CPU
		{0780B55F-2E89-4EFB-AD2F-1A4E7112644E}.Release|x86.Build.0 = Release|Any CPU
		{EB216E53-CC5F-40DD-B873-6B061FB6249C}.Debug|Any CPU.ActiveCfg = Debug|Any CPU
		{EB216E53-CC5F-40DD-B873-6B061FB6249C}.Debug|Any CPU.Build.0 = Debug|Any CPU
		{EB216E53-CC5F-40DD-B873-6B061FB6249C}.Debug|x64.ActiveCfg = Debug|Any CPU
		{EB216E53-CC5F-40DD-B873-6B061FB6249C}.Debug|x64.Build.0 = Debug|Any CPU
		{EB216E53-CC5F-40DD-B873-6B061FB6249C}.Debug|x86.ActiveCfg = Debug|Any CPU
		{EB216E53-CC5F-40DD-B873-6B061FB6249C}.Debug|x86.Build.0 = Debug|Any CPU
		{EB216E53-CC5F-40DD-B873-6B061FB6249C}.Release|Any CPU.ActiveCfg = Release|Any CPU
		{EB216E53-CC5F-40DD-B873-6B061FB6249C}.Release|Any CPU.Build.0 = Release|Any CPU
		{EB216E53-CC5F-40DD-B873-6B061FB6249C}.Release|x64.ActiveCfg = Release|Any CPU
		{EB216E53-CC5F-40DD-B873-6B061FB6249C}.Release|x64.Build.0 = Release|Any CPU
		{EB216E53-CC5F-40DD-B873-6B061FB6249C}.Release|x86.ActiveCfg = Release|Any CPU
		{EB216E53-CC5F-40DD-B873-6B061FB6249C}.Release|x86.Build.0 = Release|Any CPU
		{283F5241-A087-484E-A92C-288427D7DCC6}.Debug|Any CPU.ActiveCfg = Debug|Any CPU
		{283F5241-A087-484E-A92C-288427D7DCC6}.Debug|Any CPU.Build.0 = Debug|Any CPU
		{283F5241-A087-484E-A92C-288427D7DCC6}.Debug|x64.ActiveCfg = Debug|Any CPU
		{283F5241-A087-484E-A92C-288427D7DCC6}.Debug|x64.Build.0 = Debug|Any CPU
		{283F5241-A087-484E-A92C-288427D7DCC6}.Debug|x86.ActiveCfg = Debug|Any CPU
		{283F5241-A087-484E-A92C-288427D7DCC6}.Debug|x86.Build.0 = Debug|Any CPU
		{283F5241-A087-484E-A92C-288427D7DCC6}.Release|Any CPU.ActiveCfg = Release|Any CPU
		{283F5241-A087-484E-A92C-288427D7DCC6}.Release|Any CPU.Build.0 = Release|Any CPU
		{283F5241-A087-484E-A92C-288427D7DCC6}.Release|x64.ActiveCfg = Release|Any CPU
		{283F5241-A087-484E-A92C-288427D7DCC6}.Release|x64.Build.0 = Release|Any CPU
		{283F5241-A087-484E-A92C-288427D7DCC6}.Release|x86.ActiveCfg = Release|Any CPU
		{283F5241-A087-484E-A92C-288427D7DCC6}.Release|x86.Build.0 = Release|Any CPU
		{D39968AB-87A3-4FFB-BF7E-60B68F4D3BE4}.Debug|Any CPU.ActiveCfg = Debug|Any CPU
		{D39968AB-87A3-4FFB-BF7E-60B68F4D3BE4}.Debug|Any CPU.Build.0 = Debug|Any CPU
		{D39968AB-87A3-4FFB-BF7E-60B68F4D3BE4}.Debug|x64.ActiveCfg = Debug|Any CPU
		{D39968AB-87A3-4FFB-BF7E-60B68F4D3BE4}.Debug|x64.Build.0 = Debug|Any CPU
		{D39968AB-87A3-4FFB-BF7E-60B68F4D3BE4}.Debug|x86.ActiveCfg = Debug|Any CPU
		{D39968AB-87A3-4FFB-BF7E-60B68F4D3BE4}.Debug|x86.Build.0 = Debug|Any CPU
		{D39968AB-87A3-4FFB-BF7E-60B68F4D3BE4}.Release|Any CPU.ActiveCfg = Release|Any CPU
		{D39968AB-87A3-4FFB-BF7E-60B68F4D3BE4}.Release|Any CPU.Build.0 = Release|Any CPU
		{D39968AB-87A3-4FFB-BF7E-60B68F4D3BE4}.Release|x64.ActiveCfg = Release|Any CPU
		{D39968AB-87A3-4FFB-BF7E-60B68F4D3BE4}.Release|x64.Build.0 = Release|Any CPU
		{D39968AB-87A3-4FFB-BF7E-60B68F4D3BE4}.Release|x86.ActiveCfg = Release|Any CPU
		{D39968AB-87A3-4FFB-BF7E-60B68F4D3BE4}.Release|x86.Build.0 = Release|Any CPU
	EndGlobalSection
	GlobalSection(SolutionProperties) = preSolution
		HideSolutionNode = FALSE
	EndGlobalSection
	GlobalSection(NestedProjects) = preSolution
		{C8E42992-5E42-0C2B-DBFE-AA848D06431C} = {827E0CD3-B72D-47B6-A68D-7590B98EB39B}
		{FBE42A7E-71AE-1DFF-BCD5-510DAFE39ABE} = {C8E42992-5E42-0C2B-DBFE-AA848D06431C}
		{EF114CBD-F7F4-5A5D-0887-9909AC04EBF4} = {C8E42992-5E42-0C2B-DBFE-AA848D06431C}
		{984BB9B3-3FA3-BE33-9484-CAC21695A33C} = {827E0CD3-B72D-47B6-A68D-7590B98EB39B}
		{B7AB7385-6127-917E-1852-E6AD6587E381} = {984BB9B3-3FA3-BE33-9484-CAC21695A33C}
		{2F09BCE5-9F05-4094-A723-DC7AF602A9F3} = {B7AB7385-6127-917E-1852-E6AD6587E381}
		{8706046B-EAC0-476B-BB5E-4DAEA3F177E5} = {B7AB7385-6127-917E-1852-E6AD6587E381}
		{FD94CC56-F26D-4D2F-ABE5-BA8D6004F7BC} = {B7AB7385-6127-917E-1852-E6AD6587E381}
		{05185E85-DFC4-4AAB-9C31-576B668B6107} = {B7AB7385-6127-917E-1852-E6AD6587E381}
		{C8F12221-556F-4AED-AB60-CD6460F31186} = {43B4CCE2-05F5-4039-B624-74F6D5E2CDC0}
		{0780B55F-2E89-4EFB-AD2F-1A4E7112644E} = {43B4CCE2-05F5-4039-B624-74F6D5E2CDC0}
		{EB216E53-CC5F-40DD-B873-6B061FB6249C} = {43B4CCE2-05F5-4039-B624-74F6D5E2CDC0}
		{283F5241-A087-484E-A92C-288427D7DCC6} = {43B4CCE2-05F5-4039-B624-74F6D5E2CDC0}
		{D39968AB-87A3-4FFB-BF7E-60B68F4D3BE4} = {B7AB7385-6127-917E-1852-E6AD6587E381}
		{43B4CCE2-05F5-4039-B624-74F6D5E2CDC0} = {984BB9B3-3FA3-BE33-9484-CAC21695A33C}
	EndGlobalSection
	GlobalSection(ExtensibilityGlobals) = postSolution
		SolutionGuid = {610F74E4-229A-4751-AB9E-DBF0C926D524}
	EndGlobalSection
EndGlobal
